
Microsoft Visual Studio Solution File, Format Version 12.00
# Visual Studio Version 17
VisualStudioVersion = 17.4.33205.214
MinimumVisualStudioVersion = 10.0.40219.1
Project("{9A19103F-16F7-4668-BE54-9A1E7A4F7556}") = "ShoppingList", "TRENING\ShoppingList.csproj", "{21CF1356-5DA6-485B-BD69-B1A3AFDECA3D}"
EndProject
Global
	GlobalSection(SolutionConfigurationPlatforms) = preSolution
		Debug|Any CPU = Debug|Any CPU
		Release|Any CPU = Release|Any CPU
	EndGlobalSection
	GlobalSection(ProjectConfigurationPlatforms) = postSolution
		{21CF1356-5DA6-485B-BD69-B1A3AFDECA3D}.Debug|Any CPU.ActiveCfg = Debug|Any CPU
		{21CF1356-5DA6-485B-BD69-B1A3AFDECA3D}.Debug|Any CPU.Build.0 = Debug|Any CPU
		{21CF1356-5DA6-485B-BD69-B1A3AFDECA3D}.Release|Any CPU.ActiveCfg = Release|Any CPU
		{21CF1356-5DA6-485B-BD69-B1A3AFDECA3D}.Release|Any CPU.Build.0 = Release|Any CPU
	EndGlobalSection
	GlobalSection(SolutionProperties) = preSolution
		HideSolutionNode = FALSE
	EndGlobalSection
	GlobalSection(ExtensibilityGlobals) = postSolution
		SolutionGuid = {326EF3D9-A9A8-4F1F-9D43-84BBC08A91D0}
	EndGlobalSection
EndGlobal
